
Microsoft Visual Studio Solution File, Format Version 12.00
# Visual Studio 14
VisualStudioVersion = 14.0.25420.1
MinimumVisualStudioVersion = 10.0.40219.1
Project("{FAE04EC0-301F-11D3-BF4B-00C04F79EFBC}") = "ej1", "TP5\ej1.csproj", "{BA799E2E-676A-443D-B69E-6E7DAC82392A}"
EndProject
Project("{FAE04EC0-301F-11D3-BF4B-00C04F79EFBC}") = "ej2", "ej2\ej2.csproj", "{3310ED46-8B06-4173-8977-FC32FD5A611D}"
EndProject
Project("{FAE04EC0-301F-11D3-BF4B-00C04F79EFBC}") = "ej3", "ej3\ej3.csproj", "{27DCD0BB-B2FB-4969-A1F2-EED2A19B0A9D}"
EndProject
Project("{FAE04EC0-301F-11D3-BF4B-00C04F79EFBC}") = "eje4", "eje4\eje4.csproj", "{C61F12B5-BF89-4FE3-9378-D5E5D705D9E9}"
EndProject
Project("{FAE04EC0-301F-11D3-BF4B-00C04F79EFBC}") = "eje5", "eje5\eje5.csproj", "{FA262018-9505-44AA-9BB5-B20AD9253249}"
EndProject
Project("{FAE04EC0-301F-11D3-BF4B-00C04F79EFBC}") = "eje6", "eje6\eje6.csproj", "{80DF5375-E0D6-440B-8DEF-D9F7F8BF08AB}"
EndProject
Global
	GlobalSection(SolutionConfigurationPlatforms) = preSolution
		Debug|Any CPU = Debug|Any CPU
		Release|Any CPU = Release|Any CPU
	EndGlobalSection
	GlobalSection(ProjectConfigurationPlatforms) = postSolution
		{BA799E2E-676A-443D-B69E-6E7DAC82392A}.Debug|Any CPU.ActiveCfg = Debug|Any CPU
		{BA799E2E-676A-443D-B69E-6E7DAC82392A}.Debug|Any CPU.Build.0 = Debug|Any CPU
		{BA799E2E-676A-443D-B69E-6E7DAC82392A}.Release|Any CPU.ActiveCfg = Release|Any CPU
		{BA799E2E-676A-443D-B69E-6E7DAC82392A}.Release|Any CPU.Build.0 = Release|Any CPU
		{3310ED46-8B06-4173-8977-FC32FD5A611D}.Debug|Any CPU.ActiveCfg = Debug|Any CPU
		{3310ED46-8B06-4173-8977-FC32FD5A611D}.Debug|Any CPU.Build.0 = Debug|Any CPU
		{3310ED46-8B06-4173-8977-FC32FD5A611D}.Release|Any CPU.ActiveCfg = Release|Any CPU
		{3310ED46-8B06-4173-8977-FC32FD5A611D}.Release|Any CPU.Build.0 = Release|Any CPU
		{27DCD0BB-B2FB-4969-A1F2-EED2A19B0A9D}.Debug|Any CPU.ActiveCfg = Debug|Any CPU
		{27DCD0BB-B2FB-4969-A1F2-EED2A19B0A9D}.Debug|Any CPU.Build.0 = Debug|Any CPU
		{27DCD0BB-B2FB-4969-A1F2-EED2A19B0A9D}.Release|Any CPU.ActiveCfg = Release|Any CPU
		{27DCD0BB-B2FB-4969-A1F2-EED2A19B0A9D}.Release|Any CPU.Build.0 = Release|Any CPU
		{C61F12B5-BF89-4FE3-9378-D5E5D705D9E9}.Debug|Any CPU.ActiveCfg = Debug|Any CPU
		{C61F12B5-BF89-4FE3-9378-D5E5D705D9E9}.Debug|Any CPU.Build.0 = Debug|Any CPU
		{C61F12B5-BF89-4FE3-9378-D5E5D705D9E9}.Release|Any CPU.ActiveCfg = Release|Any CPU
		{C61F12B5-BF89-4FE3-9378-D5E5D705D9E9}.Release|Any CPU.Build.0 = Release|Any CPU
		{FA262018-9505-44AA-9BB5-B20AD9253249}.Debug|Any CPU.ActiveCfg = Debug|Any CPU
		{FA262018-9505-44AA-9BB5-B20AD9253249}.Debug|Any CPU.Build.0 = Debug|Any CPU
		{FA262018-9505-44AA-9BB5-B20AD9253249}.Release|Any CPU.ActiveCfg = Release|Any CPU
		{FA262018-9505-44AA-9BB5-B20AD9253249}.Release|Any CPU.Build.0 = Release|Any CPU
		{80DF5375-E0D6-440B-8DEF-D9F7F8BF08AB}.Debug|Any CPU.ActiveCfg = Debug|Any CPU
		{80DF5375-E0D6-440B-8DEF-D9F7F8BF08AB}.Debug|Any CPU.Build.0 = Debug|Any CPU
		{80DF5375-E0D6-440B-8DEF-D9F7F8BF08AB}.Release|Any CPU.ActiveCfg = Release|Any CPU
		{80DF5375-E0D6-440B-8DEF-D9F7F8BF08AB}.Release|Any CPU.Build.0 = Release|Any CPU
	EndGlobalSection
	GlobalSection(SolutionProperties) = preSolution
		HideSolutionNode = FALSE
	EndGlobalSection
EndGlobal
